
Microsoft Visual Studio Solution File, Format Version 12.00
# Visual Studio Version 17
VisualStudioVersion = 17.13.35913.81 d17.13
MinimumVisualStudioVersion = 10.0.40219.1
Project("{FAE04EC0-301F-11D3-BF4B-00C04F79EFBC}") = "HarryPotter_Characters", "HarryPotter_Characters\HarryPotter_Characters.csproj", "{60183417-45F0-4ABA-B73C-97D235B6EBA3}"
EndProject
Global
	GlobalSection(SolutionConfigurationPlatforms) = preSolution
		Debug|Any CPU = Debug|Any CPU
		Release|Any CPU = Release|Any CPU
	EndGlobalSection
	GlobalSection(ProjectConfigurationPlatforms) = postSolution
		{60183417-45F0-4ABA-B73C-97D235B6EBA3}.Debug|Any CPU.ActiveCfg = Debug|Any CPU
		{60183417-45F0-4ABA-B73C-97D235B6EBA3}.Debug|Any CPU.Build.0 = Debug|Any CPU
		{60183417-45F0-4ABA-B73C-97D235B6EBA3}.Release|Any CPU.ActiveCfg = Release|Any CPU
		{60183417-45F0-4ABA-B73C-97D235B6EBA3}.Release|Any CPU.Build.0 = Release|Any CPU
	EndGlobalSection
	GlobalSection(SolutionProperties) = preSolution
		HideSolutionNode = FALSE
	EndGlobalSection
	GlobalSection(ExtensibilityGlobals) = postSolution
		SolutionGuid = {956FDCDF-6C9C-4D1C-9BF2-2E38EFDD46E7}
	EndGlobalSection
EndGlobal
